
Microsoft Visual Studio Solution File, Format Version 12.00
# Visual Studio Version 17
VisualStudioVersion = 17.0.32112.339
MinimumVisualStudioVersion = 10.0.40219.1
Project("{9A19103F-16F7-4668-BE54-9A1E7A4F7556}") = "Kinematics", "Kinematics\Kinematics.csproj", "{6E36758E-8AA7-47F2-A0E4-D6591DCED3A9}"
EndProject
Project("{9A19103F-16F7-4668-BE54-9A1E7A4F7556}") = "Projectile Motion", "Projectile Motion\Projectile Motion.csproj", "{8BD04501-43AF-4170-BF51-80576B2D5D6F}"
EndProject
Project("{9A19103F-16F7-4668-BE54-9A1E7A4F7556}") = "Utility", "Utility\Utility.csproj", "{5C9ADE3F-D59B-48D0-A888-150243F94587}"
EndProject
Project("{9A19103F-16F7-4668-BE54-9A1E7A4F7556}") = "UtilityTest", "UtilityTest\UtilityTest.csproj", "{1DBB7F8D-5997-4BA0-A3CE-CFA68F80F436}"
EndProject
Project("{9A19103F-16F7-4668-BE54-9A1E7A4F7556}") = "Molecules", "Molecules\Molecules.csproj", "{526289C0-7D6B-4567-8811-B5C501C68239}"
EndProject
Project("{FAE04EC0-301F-11D3-BF4B-00C04F79EFBC}") = "Rocket Science", "Rocket Science\Rocket Science.csproj", "{1A321D5A-C839-4170-AA7A-29832A7E8F93}"
EndProject
Global
	GlobalSection(SolutionConfigurationPlatforms) = preSolution
		Debug|Any CPU = Debug|Any CPU
		Release|Any CPU = Release|Any CPU
	EndGlobalSection
	GlobalSection(ProjectConfigurationPlatforms) = postSolution
		{6E36758E-8AA7-47F2-A0E4-D6591DCED3A9}.Debug|Any CPU.ActiveCfg = Debug|Any CPU
		{6E36758E-8AA7-47F2-A0E4-D6591DCED3A9}.Debug|Any CPU.Build.0 = Debug|Any CPU
		{6E36758E-8AA7-47F2-A0E4-D6591DCED3A9}.Release|Any CPU.ActiveCfg = Release|Any CPU
		{6E36758E-8AA7-47F2-A0E4-D6591DCED3A9}.Release|Any CPU.Build.0 = Release|Any CPU
		{8BD04501-43AF-4170-BF51-80576B2D5D6F}.Debug|Any CPU.ActiveCfg = Debug|Any CPU
		{8BD04501-43AF-4170-BF51-80576B2D5D6F}.Debug|Any CPU.Build.0 = Debug|Any CPU
		{8BD04501-43AF-4170-BF51-80576B2D5D6F}.Release|Any CPU.ActiveCfg = Release|Any CPU
		{8BD04501-43AF-4170-BF51-80576B2D5D6F}.Release|Any CPU.Build.0 = Release|Any CPU
		{5C9ADE3F-D59B-48D0-A888-150243F94587}.Debug|Any CPU.ActiveCfg = Debug|Any CPU
		{5C9ADE3F-D59B-48D0-A888-150243F94587}.Debug|Any CPU.Build.0 = Debug|Any CPU
		{5C9ADE3F-D59B-48D0-A888-150243F94587}.Release|Any CPU.ActiveCfg = Release|Any CPU
		{5C9ADE3F-D59B-48D0-A888-150243F94587}.Release|Any CPU.Build.0 = Release|Any CPU
		{1DBB7F8D-5997-4BA0-A3CE-CFA68F80F436}.Debug|Any CPU.ActiveCfg = Debug|Any CPU
		{1DBB7F8D-5997-4BA0-A3CE-CFA68F80F436}.Debug|Any CPU.Build.0 = Debug|Any CPU
		{1DBB7F8D-5997-4BA0-A3CE-CFA68F80F436}.Release|Any CPU.ActiveCfg = Release|Any CPU
		{1DBB7F8D-5997-4BA0-A3CE-CFA68F80F436}.Release|Any CPU.Build.0 = Release|Any CPU
		{526289C0-7D6B-4567-8811-B5C501C68239}.Debug|Any CPU.ActiveCfg = Debug|Any CPU
		{526289C0-7D6B-4567-8811-B5C501C68239}.Debug|Any CPU.Build.0 = Debug|Any CPU
		{526289C0-7D6B-4567-8811-B5C501C68239}.Release|Any CPU.ActiveCfg = Release|Any CPU
		{526289C0-7D6B-4567-8811-B5C501C68239}.Release|Any CPU.Build.0 = Release|Any CPU
		{1A321D5A-C839-4170-AA7A-29832A7E8F93}.Debug|Any CPU.ActiveCfg = Debug|Any CPU
		{1A321D5A-C839-4170-AA7A-29832A7E8F93}.Debug|Any CPU.Build.0 = Debug|Any CPU
		{1A321D5A-C839-4170-AA7A-29832A7E8F93}.Release|Any CPU.ActiveCfg = Release|Any CPU
		{1A321D5A-C839-4170-AA7A-29832A7E8F93}.Release|Any CPU.Build.0 = Release|Any CPU
	EndGlobalSection
	GlobalSection(SolutionProperties) = preSolution
		HideSolutionNode = FALSE
	EndGlobalSection
	GlobalSection(ExtensibilityGlobals) = postSolution
		SolutionGuid = {1565D4E0-B1E2-4096-BBCE-46F7BEBB790D}
	EndGlobalSection
EndGlobal
